
Microsoft Visual Studio Solution File, Format Version 12.00
Project("{FAE04EC0-301F-11D3-BF4B-00C04F79EFBC}") = "Day1", "Day1\Day1.csproj", "{D6604B0B-20FD-41B0-99C8-91A04D22A69B}"
EndProject
Project("{FAE04EC0-301F-11D3-BF4B-00C04F79EFBC}") = "Day2", "Day2\Day2.csproj", "{166318F4-6BC2-439F-93AF-CBBF5504FD0D}"
EndProject
Global
	GlobalSection(SolutionConfigurationPlatforms) = preSolution
		Debug|Any CPU = Debug|Any CPU
		Release|Any CPU = Release|Any CPU
	EndGlobalSection
	GlobalSection(ProjectConfigurationPlatforms) = postSolution
		{D6604B0B-20FD-41B0-99C8-91A04D22A69B}.Debug|Any CPU.ActiveCfg = Debug|Any CPU
		{D6604B0B-20FD-41B0-99C8-91A04D22A69B}.Debug|Any CPU.Build.0 = Debug|Any CPU
		{D6604B0B-20FD-41B0-99C8-91A04D22A69B}.Release|Any CPU.ActiveCfg = Release|Any CPU
		{D6604B0B-20FD-41B0-99C8-91A04D22A69B}.Release|Any CPU.Build.0 = Release|Any CPU
		{166318F4-6BC2-439F-93AF-CBBF5504FD0D}.Debug|Any CPU.ActiveCfg = Debug|Any CPU
		{166318F4-6BC2-439F-93AF-CBBF5504FD0D}.Debug|Any CPU.Build.0 = Debug|Any CPU
		{166318F4-6BC2-439F-93AF-CBBF5504FD0D}.Release|Any CPU.ActiveCfg = Release|Any CPU
		{166318F4-6BC2-439F-93AF-CBBF5504FD0D}.Release|Any CPU.Build.0 = Release|Any CPU
	EndGlobalSection
EndGlobal
